
Microsoft Visual Studio Solution File, Format Version 12.00
# Visual Studio Version 17
VisualStudioVersion = 17.0.31903.59
MinimumVisualStudioVersion = 10.0.40219.1
Project("{9A19103F-16F7-4668-BE54-9A1E7A4F7556}") = "CSharpAvanzado", "CSharpAvanzado\CSharpAvanzado.csproj", "{D0B10B15-77CD-44D0-8C61-BF588F2D5ABD}"
EndProject
Project("{9A19103F-16F7-4668-BE54-9A1E7A4F7556}") = "Colecciones01ArrayList", "Colecciones01ArrayList\Colecciones01ArrayList.csproj", "{13DA3F0E-D192-4FBF-9042-CEE4E25FE24F}"
EndProject
Project("{9A19103F-16F7-4668-BE54-9A1E7A4F7556}") = "Colecciones02BitArray", "Colecciones02BitArray\Colecciones02BitArray.csproj", "{95B8ABF9-C429-42F1-B024-EED62AFB7605}"
EndProject
Project("{9A19103F-16F7-4668-BE54-9A1E7A4F7556}") = "Genericos16Metodos", "Genericos16Metodos\Genericos16Metodos.csproj", "{66731502-C84F-43C3-8BA4-FF2D63109E1F}"
EndProject
Project("{9A19103F-16F7-4668-BE54-9A1E7A4F7556}") = "Genericos17Clases", "Genericos17Clases\Genericos17Clases.csproj", "{C823A560-AD45-4BA8-8970-D5356F931984}"
EndProject
Project("{9A19103F-16F7-4668-BE54-9A1E7A4F7556}") = "DelegadosHdL", "DelegadosHdL\DelegadosHdL.csproj", "{8424CBAE-D74C-4C06-94A4-4EE38B682B05}"
EndProject
Project("{9A19103F-16F7-4668-BE54-9A1E7A4F7556}") = "Structs", "Structs\Structs.csproj", "{265BB305-80F3-4BAD-A5EB-29A9102AE2AB}"
EndProject
Project("{2150E333-8FDC-42A3-9474-1A3956D46DE8}") = "SOLID", "SOLID", "{F8B20877-D61A-497F-9D3E-491B487B9159}"
EndProject
Project("{9A19103F-16F7-4668-BE54-9A1E7A4F7556}") = "01SingleResponsability", "01SingleResponsanility\01SingleResponsability.csproj", "{D6E2FE68-FC4A-4972-9681-E55D3D89B412}"
EndProject
Project("{9A19103F-16F7-4668-BE54-9A1E7A4F7556}") = "02OpenClose", "02OpenClose\02OpenClose.csproj", "{DA5D71CC-518D-4EF6-BE8F-EDCF9B63FAF7}"
EndProject
Project("{9A19103F-16F7-4668-BE54-9A1E7A4F7556}") = "03_1_LiskovSubstitution", "03_1_LiskovSubstitution\03_1_LiskovSubstitution.csproj", "{AD2B6776-03A5-4269-9B2A-06AA1EF88638}"
EndProject
Project("{9A19103F-16F7-4668-BE54-9A1E7A4F7556}") = "04InterfaceSegregation", "04InterfaceSegregation\04InterfaceSegregation.csproj", "{F899017E-E8E7-4732-B4DF-D7934A51AA43}"
EndProject
Project("{FAE04EC0-301F-11D3-BF4B-00C04F79EFBC}") = "05DependencyInversion", "05DependencyInversion\05DependencyInversion.csproj", "{DB0949C2-D364-4E0B-A280-CF1D8D9C6566}"
EndProject
Project("{FAE04EC0-301F-11D3-BF4B-00C04F79EFBC}") = "05_2_DependencyInversionRefactor", "05_2_DependencyInversionRefactor\05_2_DependencyInversionRefactor.csproj", "{CA05EA22-08B6-4C37-81EE-141B69173BBB}"
EndProject
Global
	GlobalSection(SolutionConfigurationPlatforms) = preSolution
		Debug|Any CPU = Debug|Any CPU
		Release|Any CPU = Release|Any CPU
	EndGlobalSection
	GlobalSection(ProjectConfigurationPlatforms) = postSolution
		{D0B10B15-77CD-44D0-8C61-BF588F2D5ABD}.Debug|Any CPU.ActiveCfg = Debug|Any CPU
		{D0B10B15-77CD-44D0-8C61-BF588F2D5ABD}.Debug|Any CPU.Build.0 = Debug|Any CPU
		{D0B10B15-77CD-44D0-8C61-BF588F2D5ABD}.Release|Any CPU.ActiveCfg = Release|Any CPU
		{D0B10B15-77CD-44D0-8C61-BF588F2D5ABD}.Release|Any CPU.Build.0 = Release|Any CPU
		{13DA3F0E-D192-4FBF-9042-CEE4E25FE24F}.Debug|Any CPU.ActiveCfg = Debug|Any CPU
		{13DA3F0E-D192-4FBF-9042-CEE4E25FE24F}.Debug|Any CPU.Build.0 = Debug|Any CPU
		{13DA3F0E-D192-4FBF-9042-CEE4E25FE24F}.Release|Any CPU.ActiveCfg = Release|Any CPU
		{13DA3F0E-D192-4FBF-9042-CEE4E25FE24F}.Release|Any CPU.Build.0 = Release|Any CPU
		{95B8ABF9-C429-42F1-B024-EED62AFB7605}.Debug|Any CPU.ActiveCfg = Debug|Any CPU
		{95B8ABF9-C429-42F1-B024-EED62AFB7605}.Debug|Any CPU.Build.0 = Debug|Any CPU
		{95B8ABF9-C429-42F1-B024-EED62AFB7605}.Release|Any CPU.ActiveCfg = Release|Any CPU
		{95B8ABF9-C429-42F1-B024-EED62AFB7605}.Release|Any CPU.Build.0 = Release|Any CPU
		{66731502-C84F-43C3-8BA4-FF2D63109E1F}.Debug|Any CPU.ActiveCfg = Debug|Any CPU
		{66731502-C84F-43C3-8BA4-FF2D63109E1F}.Debug|Any CPU.Build.0 = Debug|Any CPU
		{66731502-C84F-43C3-8BA4-FF2D63109E1F}.Release|Any CPU.ActiveCfg = Release|Any CPU
		{66731502-C84F-43C3-8BA4-FF2D63109E1F}.Release|Any CPU.Build.0 = Release|Any CPU
		{C823A560-AD45-4BA8-8970-D5356F931984}.Debug|Any CPU.ActiveCfg = Debug|Any CPU
		{C823A560-AD45-4BA8-8970-D5356F931984}.Debug|Any CPU.Build.0 = Debug|Any CPU
		{C823A560-AD45-4BA8-8970-D5356F931984}.Release|Any CPU.ActiveCfg = Release|Any CPU
		{C823A560-AD45-4BA8-8970-D5356F931984}.Release|Any CPU.Build.0 = Release|Any CPU
		{8424CBAE-D74C-4C06-94A4-4EE38B682B05}.Debug|Any CPU.ActiveCfg = Debug|Any CPU
		{8424CBAE-D74C-4C06-94A4-4EE38B682B05}.Debug|Any CPU.Build.0 = Debug|Any CPU
		{8424CBAE-D74C-4C06-94A4-4EE38B682B05}.Release|Any CPU.ActiveCfg = Release|Any CPU
		{8424CBAE-D74C-4C06-94A4-4EE38B682B05}.Release|Any CPU.Build.0 = Release|Any CPU
		{265BB305-80F3-4BAD-A5EB-29A9102AE2AB}.Debug|Any CPU.ActiveCfg = Debug|Any CPU
		{265BB305-80F3-4BAD-A5EB-29A9102AE2AB}.Debug|Any CPU.Build.0 = Debug|Any CPU
		{265BB305-80F3-4BAD-A5EB-29A9102AE2AB}.Release|Any CPU.ActiveCfg = Release|Any CPU
		{265BB305-80F3-4BAD-A5EB-29A9102AE2AB}.Release|Any CPU.Build.0 = Release|Any CPU
		{D6E2FE68-FC4A-4972-9681-E55D3D89B412}.Debug|Any CPU.ActiveCfg = Debug|Any CPU
		{D6E2FE68-FC4A-4972-9681-E55D3D89B412}.Debug|Any CPU.Build.0 = Debug|Any CPU
		{D6E2FE68-FC4A-4972-9681-E55D3D89B412}.Release|Any CPU.ActiveCfg = Release|Any CPU
		{D6E2FE68-FC4A-4972-9681-E55D3D89B412}.Release|Any CPU.Build.0 = Release|Any CPU
		{DA5D71CC-518D-4EF6-BE8F-EDCF9B63FAF7}.Debug|Any CPU.ActiveCfg = Debug|Any CPU
		{DA5D71CC-518D-4EF6-BE8F-EDCF9B63FAF7}.Debug|Any CPU.Build.0 = Debug|Any CPU
		{DA5D71CC-518D-4EF6-BE8F-EDCF9B63FAF7}.Release|Any CPU.ActiveCfg = Release|Any CPU
		{DA5D71CC-518D-4EF6-BE8F-EDCF9B63FAF7}.Release|Any CPU.Build.0 = Release|Any CPU
		{AD2B6776-03A5-4269-9B2A-06AA1EF88638}.Debug|Any CPU.ActiveCfg = Debug|Any CPU
		{AD2B6776-03A5-4269-9B2A-06AA1EF88638}.Debug|Any CPU.Build.0 = Debug|Any CPU
		{AD2B6776-03A5-4269-9B2A-06AA1EF88638}.Release|Any CPU.ActiveCfg = Release|Any CPU
		{AD2B6776-03A5-4269-9B2A-06AA1EF88638}.Release|Any CPU.Build.0 = Release|Any CPU
		{F899017E-E8E7-4732-B4DF-D7934A51AA43}.Debug|Any CPU.ActiveCfg = Debug|Any CPU
		{F899017E-E8E7-4732-B4DF-D7934A51AA43}.Debug|Any CPU.Build.0 = Debug|Any CPU
		{F899017E-E8E7-4732-B4DF-D7934A51AA43}.Release|Any CPU.ActiveCfg = Release|Any CPU
		{F899017E-E8E7-4732-B4DF-D7934A51AA43}.Release|Any CPU.Build.0 = Release|Any CPU
		{DB0949C2-D364-4E0B-A280-CF1D8D9C6566}.Debug|Any CPU.ActiveCfg = Debug|Any CPU
		{DB0949C2-D364-4E0B-A280-CF1D8D9C6566}.Debug|Any CPU.Build.0 = Debug|Any CPU
		{DB0949C2-D364-4E0B-A280-CF1D8D9C6566}.Release|Any CPU.ActiveCfg = Release|Any CPU
		{DB0949C2-D364-4E0B-A280-CF1D8D9C6566}.Release|Any CPU.Build.0 = Release|Any CPU
		{CA05EA22-08B6-4C37-81EE-141B69173BBB}.Debug|Any CPU.ActiveCfg = Debug|Any CPU
		{CA05EA22-08B6-4C37-81EE-141B69173BBB}.Debug|Any CPU.Build.0 = Debug|Any CPU
		{CA05EA22-08B6-4C37-81EE-141B69173BBB}.Release|Any CPU.ActiveCfg = Release|Any CPU
		{CA05EA22-08B6-4C37-81EE-141B69173BBB}.Release|Any CPU.Build.0 = Release|Any CPU
	EndGlobalSection
	GlobalSection(SolutionProperties) = preSolution
		HideSolutionNode = FALSE
	EndGlobalSection
	GlobalSection(NestedProjects) = preSolution
		{D6E2FE68-FC4A-4972-9681-E55D3D89B412} = {F8B20877-D61A-497F-9D3E-491B487B9159}
		{DA5D71CC-518D-4EF6-BE8F-EDCF9B63FAF7} = {F8B20877-D61A-497F-9D3E-491B487B9159}
		{AD2B6776-03A5-4269-9B2A-06AA1EF88638} = {F8B20877-D61A-497F-9D3E-491B487B9159}
		{F899017E-E8E7-4732-B4DF-D7934A51AA43} = {F8B20877-D61A-497F-9D3E-491B487B9159}
		{DB0949C2-D364-4E0B-A280-CF1D8D9C6566} = {F8B20877-D61A-497F-9D3E-491B487B9159}
		{CA05EA22-08B6-4C37-81EE-141B69173BBB} = {F8B20877-D61A-497F-9D3E-491B487B9159}
	EndGlobalSection
	GlobalSection(ExtensibilityGlobals) = postSolution
		SolutionGuid = {C02CEB5F-CF00-47B6-ACE9-803C9CAAD7B1}
	EndGlobalSection
EndGlobal
