
Microsoft Visual Studio Solution File, Format Version 12.00
# Visual Studio Version 17
VisualStudioVersion = 17.0.31903.59
MinimumVisualStudioVersion = 10.0.40219.1
Project("{FAE04EC0-301F-11D3-BF4B-00C04F79EFBC}") = "CSharpAvanzado", "CSharpAvanzado\CSharpAvanzado.csproj", "{D0B10B15-77CD-44D0-8C61-BF588F2D5ABD}"
EndProject
Project("{FAE04EC0-301F-11D3-BF4B-00C04F79EFBC}") = "Colecciones01ArrayList", "Colecciones01ArrayList\Colecciones01ArrayList.csproj", "{13DA3F0E-D192-4FBF-9042-CEE4E25FE24F}"
EndProject
Global
	GlobalSection(SolutionConfigurationPlatforms) = preSolution
		Debug|Any CPU = Debug|Any CPU
		Release|Any CPU = Release|Any CPU
	EndGlobalSection
	GlobalSection(ProjectConfigurationPlatforms) = postSolution
		{D0B10B15-77CD-44D0-8C61-BF588F2D5ABD}.Debug|Any CPU.ActiveCfg = Debug|Any CPU
		{D0B10B15-77CD-44D0-8C61-BF588F2D5ABD}.Debug|Any CPU.Build.0 = Debug|Any CPU
		{D0B10B15-77CD-44D0-8C61-BF588F2D5ABD}.Release|Any CPU.ActiveCfg = Release|Any CPU
		{D0B10B15-77CD-44D0-8C61-BF588F2D5ABD}.Release|Any CPU.Build.0 = Release|Any CPU
		{13DA3F0E-D192-4FBF-9042-CEE4E25FE24F}.Debug|Any CPU.ActiveCfg = Debug|Any CPU
		{13DA3F0E-D192-4FBF-9042-CEE4E25FE24F}.Debug|Any CPU.Build.0 = Debug|Any CPU
		{13DA3F0E-D192-4FBF-9042-CEE4E25FE24F}.Release|Any CPU.ActiveCfg = Release|Any CPU
		{13DA3F0E-D192-4FBF-9042-CEE4E25FE24F}.Release|Any CPU.Build.0 = Release|Any CPU
	EndGlobalSection
	GlobalSection(SolutionProperties) = preSolution
		HideSolutionNode = FALSE
	EndGlobalSection
	GlobalSection(ExtensibilityGlobals) = postSolution
		SolutionGuid = {C02CEB5F-CF00-47B6-ACE9-803C9CAAD7B1}
	EndGlobalSection
EndGlobal
