
Microsoft Visual Studio Solution File, Format Version 12.00
# Visual Studio Version 17
VisualStudioVersion = 17.0.31903.59
MinimumVisualStudioVersion = 10.0.40219.1
Project("{9A19103F-16F7-4668-BE54-9A1E7A4F7556}") = "CSharpAvanzado", "CSharpAvanzado\CSharpAvanzado.csproj", "{D0B10B15-77CD-44D0-8C61-BF588F2D5ABD}"
EndProject
Project("{9A19103F-16F7-4668-BE54-9A1E7A4F7556}") = "Colecciones01ArrayList", "Colecciones01ArrayList\Colecciones01ArrayList.csproj", "{13DA3F0E-D192-4FBF-9042-CEE4E25FE24F}"
EndProject
Project("{9A19103F-16F7-4668-BE54-9A1E7A4F7556}") = "Colecciones02BitArray", "Colecciones02BitArray\Colecciones02BitArray.csproj", "{95B8ABF9-C429-42F1-B024-EED62AFB7605}"
EndProject
Project("{9A19103F-16F7-4668-BE54-9A1E7A4F7556}") = "Genericos16Metodos", "Genericos16Metodos\Genericos16Metodos.csproj", "{66731502-C84F-43C3-8BA4-FF2D63109E1F}"
EndProject
Project("{9A19103F-16F7-4668-BE54-9A1E7A4F7556}") = "Genericos17Clases", "Genericos17Clases\Genericos17Clases.csproj", "{C823A560-AD45-4BA8-8970-D5356F931984}"
EndProject
Project("{9A19103F-16F7-4668-BE54-9A1E7A4F7556}") = "DelegadosHdL", "DelegadosHdL\DelegadosHdL.csproj", "{8424CBAE-D74C-4C06-94A4-4EE38B682B05}"
EndProject
Project("{9A19103F-16F7-4668-BE54-9A1E7A4F7556}") = "Structs", "Structs\Structs.csproj", "{265BB305-80F3-4BAD-A5EB-29A9102AE2AB}"
EndProject
Project("{2150E333-8FDC-42A3-9474-1A3956D46DE8}") = "SOLID", "SOLID", "{F8B20877-D61A-497F-9D3E-491B487B9159}"
EndProject
Project("{FAE04EC0-301F-11D3-BF4B-00C04F79EFBC}") = "01SingleResponsanility", "01SingleResponsanility\01SingleResponsanility.csproj", "{D6E2FE68-FC4A-4972-9681-E55D3D89B412}"
EndProject
Global
	GlobalSection(SolutionConfigurationPlatforms) = preSolution
		Debug|Any CPU = Debug|Any CPU
		Release|Any CPU = Release|Any CPU
	EndGlobalSection
	GlobalSection(ProjectConfigurationPlatforms) = postSolution
		{D0B10B15-77CD-44D0-8C61-BF588F2D5ABD}.Debug|Any CPU.ActiveCfg = Debug|Any CPU
		{D0B10B15-77CD-44D0-8C61-BF588F2D5ABD}.Debug|Any CPU.Build.0 = Debug|Any CPU
		{D0B10B15-77CD-44D0-8C61-BF588F2D5ABD}.Release|Any CPU.ActiveCfg = Release|Any CPU
		{D0B10B15-77CD-44D0-8C61-BF588F2D5ABD}.Release|Any CPU.Build.0 = Release|Any CPU
		{13DA3F0E-D192-4FBF-9042-CEE4E25FE24F}.Debug|Any CPU.ActiveCfg = Debug|Any CPU
		{13DA3F0E-D192-4FBF-9042-CEE4E25FE24F}.Debug|Any CPU.Build.0 = Debug|Any CPU
		{13DA3F0E-D192-4FBF-9042-CEE4E25FE24F}.Release|Any CPU.ActiveCfg = Release|Any CPU
		{13DA3F0E-D192-4FBF-9042-CEE4E25FE24F}.Release|Any CPU.Build.0 = Release|Any CPU
		{95B8ABF9-C429-42F1-B024-EED62AFB7605}.Debug|Any CPU.ActiveCfg = Debug|Any CPU
		{95B8ABF9-C429-42F1-B024-EED62AFB7605}.Debug|Any CPU.Build.0 = Debug|Any CPU
		{95B8ABF9-C429-42F1-B024-EED62AFB7605}.Release|Any CPU.ActiveCfg = Release|Any CPU
		{95B8ABF9-C429-42F1-B024-EED62AFB7605}.Release|Any CPU.Build.0 = Release|Any CPU
		{66731502-C84F-43C3-8BA4-FF2D63109E1F}.Debug|Any CPU.ActiveCfg = Debug|Any CPU
		{66731502-C84F-43C3-8BA4-FF2D63109E1F}.Debug|Any CPU.Build.0 = Debug|Any CPU
		{66731502-C84F-43C3-8BA4-FF2D63109E1F}.Release|Any CPU.ActiveCfg = Release|Any CPU
		{66731502-C84F-43C3-8BA4-FF2D63109E1F}.Release|Any CPU.Build.0 = Release|Any CPU
		{C823A560-AD45-4BA8-8970-D5356F931984}.Debug|Any CPU.ActiveCfg = Debug|Any CPU
		{C823A560-AD45-4BA8-8970-D5356F931984}.Debug|Any CPU.Build.0 = Debug|Any CPU
		{C823A560-AD45-4BA8-8970-D5356F931984}.Release|Any CPU.ActiveCfg = Release|Any CPU
		{C823A560-AD45-4BA8-8970-D5356F931984}.Release|Any CPU.Build.0 = Release|Any CPU
		{8424CBAE-D74C-4C06-94A4-4EE38B682B05}.Debug|Any CPU.ActiveCfg = Debug|Any CPU
		{8424CBAE-D74C-4C06-94A4-4EE38B682B05}.Debug|Any CPU.Build.0 = Debug|Any CPU
		{8424CBAE-D74C-4C06-94A4-4EE38B682B05}.Release|Any CPU.ActiveCfg = Release|Any CPU
		{8424CBAE-D74C-4C06-94A4-4EE38B682B05}.Release|Any CPU.Build.0 = Release|Any CPU
		{265BB305-80F3-4BAD-A5EB-29A9102AE2AB}.Debug|Any CPU.ActiveCfg = Debug|Any CPU
		{265BB305-80F3-4BAD-A5EB-29A9102AE2AB}.Debug|Any CPU.Build.0 = Debug|Any CPU
		{265BB305-80F3-4BAD-A5EB-29A9102AE2AB}.Release|Any CPU.ActiveCfg = Release|Any CPU
		{265BB305-80F3-4BAD-A5EB-29A9102AE2AB}.Release|Any CPU.Build.0 = Release|Any CPU
		{D6E2FE68-FC4A-4972-9681-E55D3D89B412}.Debug|Any CPU.ActiveCfg = Debug|Any CPU
		{D6E2FE68-FC4A-4972-9681-E55D3D89B412}.Debug|Any CPU.Build.0 = Debug|Any CPU
		{D6E2FE68-FC4A-4972-9681-E55D3D89B412}.Release|Any CPU.ActiveCfg = Release|Any CPU
		{D6E2FE68-FC4A-4972-9681-E55D3D89B412}.Release|Any CPU.Build.0 = Release|Any CPU
	EndGlobalSection
	GlobalSection(SolutionProperties) = preSolution
		HideSolutionNode = FALSE
	EndGlobalSection
	GlobalSection(NestedProjects) = preSolution
		{D6E2FE68-FC4A-4972-9681-E55D3D89B412} = {F8B20877-D61A-497F-9D3E-491B487B9159}
	EndGlobalSection
	GlobalSection(ExtensibilityGlobals) = postSolution
		SolutionGuid = {C02CEB5F-CF00-47B6-ACE9-803C9CAAD7B1}
	EndGlobalSection
EndGlobal
